<?xml version="1.0" encoding="UTF-8" standalone="yes" ?>
<CodeBlocks_project_file>
	<FileVersion major="1" minor="6" />
	<Project>
		<Option title="Village Simulator 7C" />
		<Option pch_mode="0" />
		<Option compiler="gcc" />
		<Build>
			<Target title="Linux">
				<Option platforms="Unix;" />
				<Option output="../bin/Game" prefix_auto="0" extension_auto="0" />
				<Option working_dir=".." />
				<Option object_output="../.objs" />
				<Option type="1" />
				<Option compiler="gcc" />
				<Option use_console_runner="0" />
				<Compiler>
					<Add option="-g" />
					<Add option="-D_IRR_STATIC_LIB_" />
				</Compiler>
				<Linker>
					<Add library="Xxf86vm" />
					<Add library="Xcursor" />
					<Add library="GL" />
					<Add directory="../thirdparty/irrlicht-1.8.1/lib/Linux" />
				</Linker>
			</Target>
			<Target title="Windows">
				<Option platforms="Windows;" />
				<Option output="../bin/Game" prefix_auto="0" extension_auto="1" />
				<Option working_dir=".." />
				<Option object_output="../.objs" />
				<Option type="1" />
				<Option compiler="gcc" />
				<Option use_console_runner="0" />
				<Compiler>
					<Add option="-g" />
				</Compiler>
				<Linker>
					<Add directory="../thirdparty/irrlicht-1.8.1/lib/Win32-gcc" />
				</Linker>
			</Target>
		</Build>
		<VirtualTargets>
			<Add alias="All" targets="Windows;Linux;" />
		</VirtualTargets>
		<Compiler>
			<Add option="-g" />
			<Add option="-DdSINGLE" />
			<Add directory="../thirdparty/irrlicht-1.8.1/include" />
			<Add directory="../thirdparty/Artemis-Cpp/include" />
			<Add directory="../thirdparty/lua-5.3_Win32_mingw4_lib/include" />
			<Add directory="../thirdparty/bullet3-2.83.4/include" />
		</Compiler>
		<Linker>
			<Add library="Irrlicht" />
			<Add library="..\thirdparty\Artemis-Cpp\lib\libArtemisCpp.a" />
			<Add library="..\thirdparty\lua-5.3_Win32_mingw4_lib\lib\liblua53.a" />
			<Add library="..\thirdparty\ode-0.13\lib\ReleaseSingleDLL\libode_single.a" />
			<Add library="..\thirdparty\bullet3-2.83.4\lib\libBulletDynamics.a" />
			<Add library="..\thirdparty\bullet3-2.83.4\lib\libBulletCollision.a" />
			<Add library="..\thirdparty\bullet3-2.83.4\lib\libLinearMath.a" />
			<Add library="..\thirdparty\bullet3-2.83.4\lib\libBullet2FileLoader.a" />
			<Add library="..\thirdparty\bullet3-2.83.4\lib\libBullet3Collision.a" />
			<Add library="..\thirdparty\bullet3-2.83.4\lib\libBullet3Common.a" />
			<Add library="..\thirdparty\bullet3-2.83.4\lib\libBullet3Dynamics.a" />
			<Add library="..\thirdparty\bullet3-2.83.4\lib\libBullet3Geometry.a" />
			<Add library="..\thirdparty\bullet3-2.83.4\lib\libBullet3OpenCL_clew.a" />
			<Add library="..\thirdparty\bullet3-2.83.4\lib\libBulletSoftBody.a" />
			<Add directory="../thirdparty/bullet3-2.83.4/lib" />
		</Linker>
		<Unit filename="Array2d.h" />
		<Unit filename="Chunk.cpp" />
		<Unit filename="Chunk.h" />
		<Unit filename="ChunkNode.cpp" />
		<Unit filename="ChunkNode.h" />
		<Unit filename="Foo.cpp" />
		<Unit filename="Foo.h" />
		<Unit filename="GameObject.cpp" />
		<Unit filename="GameObject.h" />
		<Unit filename="GameState.cpp" />
		<Unit filename="GameState.h" />
		<Unit filename="GameStateManager.cpp" />
		<Unit filename="GameStateManager.h" />
		<Unit filename="OverworldGameState.cpp" />
		<Unit filename="OverworldGameState.h" />
		<Unit filename="PhysicsComponent.cpp" />
		<Unit filename="PhysicsComponent.h" />
		<Unit filename="Player.cpp" />
		<Unit filename="Player.h" />
		<Unit filename="SceneNodeComponent.cpp" />
		<Unit filename="SceneNodeComponent.h" />
		<Unit filename="main.cpp" />
		<Extensions>
			<code_completion />
			<debugger />
			<envvars />
		</Extensions>
	</Project>
</CodeBlocks_project_file>
