<?xml version="1.0" encoding="UTF-8" standalone="yes" ?>
<CodeBlocks_project_file>
	<FileVersion major="1" minor="6" />
	<Project>
		<Option title="Village Simulator 7C" />
		<Option pch_mode="0" />
		<Option compiler="gcc" />
		<Option virtualFolders="Components\;GameStates\;Utility\;" />
		<Build>
			<Target title="Linux">
				<Option platforms="Unix;" />
				<Option output="../bin/Game" prefix_auto="0" extension_auto="0" />
				<Option working_dir=".." />
				<Option object_output="../.objs" />
				<Option type="1" />
				<Option compiler="gcc" />
				<Option use_console_runner="0" />
				<Compiler>
					<Add option="-g" />
					<Add option="-D_IRR_STATIC_LIB_" />
				</Compiler>
				<Linker>
					<Add library="Xxf86vm" />
					<Add library="Xcursor" />
					<Add library="GL" />
					<Add directory="../thirdparty/irrlicht-1.8.1/lib/Linux" />
				</Linker>
			</Target>
			<Target title="Windows">
				<Option platforms="Windows;" />
				<Option output="../bin/Game" prefix_auto="0" extension_auto="1" />
				<Option working_dir=".." />
				<Option object_output="../.objs" />
				<Option type="1" />
				<Option compiler="gcc" />
				<Option use_console_runner="0" />
				<Compiler>
					<Add option="-g" />
				</Compiler>
				<Linker>
					<Add directory="../thirdparty/irrlicht-1.8.1/lib/Win32-gcc" />
				</Linker>
			</Target>
		</Build>
		<VirtualTargets>
			<Add alias="All" targets="Windows;Linux;" />
		</VirtualTargets>
		<Compiler>
			<Add option="-g" />
			<Add option="-DdSINGLE" />
			<Add directory="../thirdparty/irrlicht-1.8.1/include" />
			<Add directory="../thirdparty/Artemis-Cpp/include" />
			<Add directory="../thirdparty/lua-5.3_Win32_mingw4_lib/include" />
			<Add directory="../thirdparty/bullet3-2.83.4/src" />
			<Add directory="../thirdparty/SFML-2.3/include" />
		</Compiler>
		<Linker>
			<Add library="Irrlicht" />
			<Add library="libArtemisCpp" />
			<Add library="liblua53" />
			<Add library="libBulletDynamics.dll.a" />
			<Add library="libBulletCollision.dll.a" />
			<Add library="libLinearMath.dll.a" />
			<Add library="libBullet2FileLoader.dll.a" />
			<Add library="libBullet3Collision.dll.a" />
			<Add library="libBullet3Common.dll.a" />
			<Add library="libBullet3Dynamics.dll.a" />
			<Add library="libBullet3Geometry.dll.a" />
			<Add library="libBullet3OpenCL_clew.dll.a" />
			<Add library="libBulletSoftBody.dll.a" />
			<Add library="sfml-system" />
			<Add library="sfml-network" />
			<Add library="sfml-audio" />
			<Add directory="../thirdparty/bullet3-2.83.4/lib" />
			<Add directory="../thirdparty/SFML-2.3/lib" />
			<Add directory="../thirdparty/Artemis-Cpp/lib" />
			<Add directory="../thirdparty/lua-5.3_Win32_mingw4_lib/lib" />
		</Linker>
		<Unit filename="Array2d.h" />
		<Unit filename="CharacterComponent.cpp">
			<Option virtualFolder="Components/" />
		</Unit>
		<Unit filename="CharacterComponent.h">
			<Option virtualFolder="Components/" />
		</Unit>
		<Unit filename="CharacterPhysicsComponent.cpp">
			<Option virtualFolder="Components/" />
		</Unit>
		<Unit filename="CharacterPhysicsComponent.h">
			<Option virtualFolder="Components/" />
		</Unit>
		<Unit filename="Chunk.cpp" />
		<Unit filename="Chunk.h" />
		<Unit filename="ChunkNode.cpp" />
		<Unit filename="ChunkNode.h" />
		<Unit filename="Foo.cpp" />
		<Unit filename="Foo.h" />
		<Unit filename="GameState.cpp" />
		<Unit filename="GameState.h" />
		<Unit filename="GameStateManager.cpp" />
		<Unit filename="GameStateManager.h" />
		<Unit filename="InputManager.cpp" />
		<Unit filename="InputManager.h" />
		<Unit filename="InteractionComponent.cpp">
			<Option virtualFolder="Components/" />
		</Unit>
		<Unit filename="InteractionComponent.h">
			<Option virtualFolder="Components/" />
		</Unit>
		<Unit filename="OverworldGameState.cpp">
			<Option virtualFolder="GameStates/" />
		</Unit>
		<Unit filename="OverworldGameState.h">
			<Option virtualFolder="GameStates/" />
		</Unit>
		<Unit filename="PhysicsComponent.cpp">
			<Option virtualFolder="Components/" />
		</Unit>
		<Unit filename="PhysicsComponent.h">
			<Option virtualFolder="Components/" />
		</Unit>
		<Unit filename="PlayerComponent.cpp">
			<Option virtualFolder="Components/" />
		</Unit>
		<Unit filename="PlayerComponent.h">
			<Option virtualFolder="Components/" />
		</Unit>
		<Unit filename="ReiBullet.cpp">
			<Option virtualFolder="Utility/" />
		</Unit>
		<Unit filename="ReiBullet.h">
			<Option virtualFolder="Utility/" />
		</Unit>
		<Unit filename="ReiMath.cpp">
			<Option virtualFolder="Utility/" />
		</Unit>
		<Unit filename="ReiMath.h">
			<Option virtualFolder="Utility/" />
		</Unit>
		<Unit filename="SceneNodeComponent.cpp">
			<Option virtualFolder="Components/" />
		</Unit>
		<Unit filename="SceneNodeComponent.h">
			<Option virtualFolder="Components/" />
		</Unit>
		<Unit filename="SoulComponent.cpp">
			<Option virtualFolder="Components/" />
		</Unit>
		<Unit filename="SoulComponent.h">
			<Option virtualFolder="Components/" />
		</Unit>
		<Unit filename="main.cpp" />
		<Extensions>
			<code_completion />
			<debugger />
			<envvars />
		</Extensions>
	</Project>
</CodeBlocks_project_file>
