<?xml version="1.0" encoding="UTF-8" standalone="yes" ?>
<CodeBlocks_project_file>
	<FileVersion major="1" minor="6" />
	<Project>
		<Option title="Village Simulator 7C" />
		<Option pch_mode="0" />
		<Option compiler="gcc" />
		<Option virtualFolders="Character Task Engine\;Character Task Engine\;Character Task Engine\;Character Task Engine\;Utility\;Data\;Components\;Entity System\;GameStates\;Managers\;Character Components\;Character Task Engine\Conditions\;Character Task Engine\Conditions\Concrete\;Character Task Engine\Tasks\;Character Task Engine\Tasks\Concrete\;nrsal\;" />
		<Build>
			<Target title="Linux">
				<Option platforms="Unix;" />
				<Option output="../bin/Game" prefix_auto="0" extension_auto="0" />
				<Option working_dir=".." />
				<Option object_output="../.objs" />
				<Option type="1" />
				<Option compiler="gcc" />
				<Option use_console_runner="0" />
				<Compiler>
					<Add option="-g" />
					<Add option="-D_IRR_STATIC_LIB_" />
				</Compiler>
				<Linker>
					<Add library="Xxf86vm" />
					<Add library="Xcursor" />
					<Add library="GL" />
					<Add directory="../thirdparty/irrlicht-1.8.1/lib/Linux" />
				</Linker>
			</Target>
			<Target title="Windows">
				<Option platforms="Windows;" />
				<Option output="../bin/Game" prefix_auto="0" extension_auto="1" />
				<Option working_dir=".." />
				<Option object_output="../.objs" />
				<Option type="1" />
				<Option compiler="gcc" />
				<Option use_console_runner="0" />
				<Compiler>
					<Add option="-g" />
				</Compiler>
				<Linker>
					<Add directory="../thirdparty/irrlicht-1.8.1/lib/Win32-gcc" />
				</Linker>
			</Target>
		</Build>
		<VirtualTargets>
			<Add alias="All" targets="Windows;Linux;" />
		</VirtualTargets>
		<Compiler>
			<Add option="-std=c++11" />
			<Add option="-g" />
			<Add option="-DdSINGLE" />
			<Add directory="../thirdparty/irrlicht-1.8.1/include" />
			<Add directory="../thirdparty/lua-5.3_Win32_mingw4_lib/include" />
			<Add directory="../thirdparty/bullet3-2.83.4/include" />
			<Add directory="../thirdparty/SFML-2.3/include" />
			<Add directory="../thirdparty/boost_1_58_0/include" />
			<Add directory="../thirdparty/easyloggingpp_v9.80/include" />
			<Add directory="../thirdparty/jsoncpp-0.10.2-p1/include" />
		</Compiler>
		<Linker>
			<Add library="Irrlicht" />
			<Add library="liblua53" />
			<Add library="libBulletDynamics.dll.a" />
			<Add library="libBulletCollision.dll.a" />
			<Add library="libLinearMath.dll.a" />
			<Add library="libBullet2FileLoader.dll.a" />
			<Add library="libBullet3Collision.dll.a" />
			<Add library="libBullet3Common.dll.a" />
			<Add library="libBullet3Dynamics.dll.a" />
			<Add library="libBullet3Geometry.dll.a" />
			<Add library="libBullet3OpenCL_clew.dll.a" />
			<Add library="libBulletSoftBody.dll.a" />
			<Add library="sfml-system" />
			<Add library="sfml-network" />
			<Add library="sfml-audio" />
			<Add library="libjsoncpp" />
			<Add directory="../thirdparty/bullet3-2.83.4/lib" />
			<Add directory="../thirdparty/SFML-2.3/lib" />
			<Add directory="../thirdparty/lua-5.3_Win32_mingw4_lib/lib" />
			<Add directory="../thirdparty/jsoncpp-0.10.2-p1/lib" />
		</Linker>
		<Unit filename="Array2d.h">
			<Option virtualFolder="Data/" />
		</Unit>
		<Unit filename="BaseComponent.cpp">
			<Option virtualFolder="Components/" />
		</Unit>
		<Unit filename="BaseComponent.h">
			<Option virtualFolder="Components/" />
		</Unit>
		<Unit filename="CTConditionLocation.cpp">
			<Option virtualFolder="Character Task Engine/Conditions/Concrete/" />
		</Unit>
		<Unit filename="CTConditionLocation.h">
			<Option virtualFolder="Character Task Engine/Conditions/Concrete/" />
		</Unit>
		<Unit filename="CTConditionNotBusy.cpp">
			<Option virtualFolder="Character Task Engine/Conditions/Concrete/" />
		</Unit>
		<Unit filename="CTConditionNotBusy.h">
			<Option virtualFolder="Character Task Engine/Conditions/Concrete/" />
		</Unit>
		<Unit filename="CTConditionSitting.cpp">
			<Option virtualFolder="Character Task Engine/Conditions/Concrete/" />
		</Unit>
		<Unit filename="CTConditionSitting.h">
			<Option virtualFolder="Character Task Engine/Conditions/Concrete/" />
		</Unit>
		<Unit filename="CTConditionSomeoneElse.cpp">
			<Option virtualFolder="Character Task Engine/Conditions/Concrete/" />
		</Unit>
		<Unit filename="CTConditionSomeoneElse.h">
			<Option virtualFolder="Character Task Engine/Conditions/Concrete/" />
		</Unit>
		<Unit filename="CTaskConversation.cpp">
			<Option virtualFolder="Character Task Engine/Tasks/Concrete/" />
		</Unit>
		<Unit filename="CTaskConversation.h">
			<Option virtualFolder="Character Task Engine/Tasks/Concrete/" />
		</Unit>
		<Unit filename="CTaskPathfind.cpp">
			<Option virtualFolder="Character Task Engine/Tasks/Concrete/" />
		</Unit>
		<Unit filename="CTaskPathfind.h">
			<Option virtualFolder="Character Task Engine/Tasks/Concrete/" />
		</Unit>
		<Unit filename="CTaskSit.cpp">
			<Option virtualFolder="Character Task Engine/Tasks/Concrete/" />
		</Unit>
		<Unit filename="CTaskSit.h">
			<Option virtualFolder="Character Task Engine/Tasks/Concrete/" />
		</Unit>
		<Unit filename="CTaskStand.cpp">
			<Option virtualFolder="Character Task Engine/Tasks/Concrete/" />
		</Unit>
		<Unit filename="CTaskStand.h">
			<Option virtualFolder="Character Task Engine/Tasks/Concrete/" />
		</Unit>
		<Unit filename="CharacterBodyComponent.cpp">
			<Option virtualFolder="Character Components/" />
		</Unit>
		<Unit filename="CharacterBodyComponent.h">
			<Option virtualFolder="Character Components/" />
		</Unit>
		<Unit filename="CharacterIdentityComponent.cpp">
			<Option virtualFolder="Character Components/" />
		</Unit>
		<Unit filename="CharacterIdentityComponent.h">
			<Option virtualFolder="Character Components/" />
		</Unit>
		<Unit filename="CharacterObjective.cpp">
			<Option virtualFolder="Character Task Engine/" />
		</Unit>
		<Unit filename="CharacterObjective.h">
			<Option virtualFolder="Character Task Engine/" />
		</Unit>
		<Unit filename="CharacterPerformerComponent.cpp">
			<Option virtualFolder="Character Components/" />
		</Unit>
		<Unit filename="CharacterPerformerComponent.h">
			<Option virtualFolder="Character Components/" />
		</Unit>
		<Unit filename="CharacterPerformerSystem.cpp">
			<Option virtualFolder="Character Task Engine/" />
		</Unit>
		<Unit filename="CharacterPerformerSystem.h">
			<Option virtualFolder="Character Task Engine/" />
		</Unit>
		<Unit filename="CharacterPhysicsComponent.cpp">
			<Option virtualFolder="Character Components/" />
		</Unit>
		<Unit filename="CharacterPhysicsComponent.h">
			<Option virtualFolder="Character Components/" />
		</Unit>
		<Unit filename="CharacterTask.cpp">
			<Option virtualFolder="Character Task Engine/Tasks/" />
		</Unit>
		<Unit filename="CharacterTask.h">
			<Option virtualFolder="Character Task Engine/Tasks/" />
		</Unit>
		<Unit filename="CharacterTaskCondition.cpp">
			<Option virtualFolder="Character Task Engine/Conditions/" />
		</Unit>
		<Unit filename="CharacterTaskCondition.h">
			<Option virtualFolder="Character Task Engine/Conditions/" />
		</Unit>
		<Unit filename="CharacterTaskRegistry.cpp">
			<Option virtualFolder="Character Task Engine/" />
		</Unit>
		<Unit filename="CharacterTaskRegistry.h">
			<Option virtualFolder="Character Task Engine/" />
		</Unit>
		<Unit filename="Chunk.cpp" />
		<Unit filename="Chunk.h" />
		<Unit filename="ChunkNode.cpp" />
		<Unit filename="ChunkNode.h" />
		<Unit filename="ConversationComponent.cpp">
			<Option virtualFolder="Components/" />
		</Unit>
		<Unit filename="ConversationComponent.h">
			<Option virtualFolder="Components/" />
		</Unit>
		<Unit filename="GameState.cpp">
			<Option virtualFolder="GameStates/" />
		</Unit>
		<Unit filename="GameState.h">
			<Option virtualFolder="GameStates/" />
		</Unit>
		<Unit filename="GameStateManager.cpp">
			<Option virtualFolder="Managers/" />
		</Unit>
		<Unit filename="GameStateManager.h">
			<Option virtualFolder="Managers/" />
		</Unit>
		<Unit filename="HierarchicalBoolean.cpp">
			<Option virtualFolder="Data/" />
		</Unit>
		<Unit filename="HierarchicalBoolean.h">
			<Option virtualFolder="Data/" />
		</Unit>
		<Unit filename="HierarchicalDebugger.h">
			<Option virtualFolder="Data/" />
		</Unit>
		<Unit filename="HierarchicalShapeBuilder.cpp">
			<Option virtualFolder="Data/" />
		</Unit>
		<Unit filename="HierarchicalShapeBuilder.h">
			<Option virtualFolder="Data/" />
		</Unit>
		<Unit filename="InputManager.cpp">
			<Option virtualFolder="Managers/" />
		</Unit>
		<Unit filename="InputManager.h">
			<Option virtualFolder="Managers/" />
		</Unit>
		<Unit filename="InteractionComponent.cpp">
			<Option virtualFolder="Components/" />
		</Unit>
		<Unit filename="InteractionComponent.h">
			<Option virtualFolder="Components/" />
		</Unit>
		<Unit filename="NREntitySystem.h">
			<Option virtualFolder="Entity System/" />
		</Unit>
		<Unit filename="OverworldGameState.cpp">
			<Option virtualFolder="GameStates/" />
		</Unit>
		<Unit filename="OverworldGameState.h">
			<Option virtualFolder="GameStates/" />
		</Unit>
		<Unit filename="PhysicsComponent.cpp">
			<Option virtualFolder="Components/" />
		</Unit>
		<Unit filename="PhysicsComponent.h">
			<Option virtualFolder="Components/" />
		</Unit>
		<Unit filename="RID.cpp">
			<Option virtualFolder="Data/" />
		</Unit>
		<Unit filename="RID.h">
			<Option virtualFolder="Data/" />
		</Unit>
		<Unit filename="ReiBullet.cpp">
			<Option virtualFolder="Utility/" />
		</Unit>
		<Unit filename="ReiBullet.h">
			<Option virtualFolder="Utility/" />
		</Unit>
		<Unit filename="ReiJson.cpp">
			<Option virtualFolder="Utility/" />
		</Unit>
		<Unit filename="ReiJson.h">
			<Option virtualFolder="Utility/" />
		</Unit>
		<Unit filename="ReiMath.cpp">
			<Option virtualFolder="Utility/" />
		</Unit>
		<Unit filename="ReiMath.h">
			<Option virtualFolder="Utility/" />
		</Unit>
		<Unit filename="RenderTestGameState.cpp">
			<Option virtualFolder="GameStates/" />
		</Unit>
		<Unit filename="RenderTestGameState.h">
			<Option virtualFolder="GameStates/" />
		</Unit>
		<Unit filename="SceneNodeComponent.cpp">
			<Option virtualFolder="Components/" />
		</Unit>
		<Unit filename="SceneNodeComponent.h">
			<Option virtualFolder="Components/" />
		</Unit>
		<Unit filename="SoulComponent.cpp">
			<Option virtualFolder="Character Components/" />
		</Unit>
		<Unit filename="SoulComponent.h">
			<Option virtualFolder="Character Components/" />
		</Unit>
		<Unit filename="TableData.cpp">
			<Option virtualFolder="Data/" />
		</Unit>
		<Unit filename="TableData.h">
			<Option virtualFolder="Data/" />
		</Unit>
		<Unit filename="main.cpp" />
		<Unit filename="nrMeshLoader.cpp" />
		<Unit filename="nrMeshLoader.h" />
		<Unit filename="nrSkinnedMesh.cpp" />
		<Unit filename="nrSkinnedMesh.h" />
		<Unit filename="nrSkinnedMeshSceneNode.cpp" />
		<Unit filename="nrSkinnedMeshSceneNode.h" />
		<Unit filename="nresComponentData.cpp">
			<Option virtualFolder="Entity System/" />
		</Unit>
		<Unit filename="nresComponentData.h">
			<Option virtualFolder="Entity System/" />
		</Unit>
		<Unit filename="nresEntity.cpp">
			<Option virtualFolder="Entity System/" />
		</Unit>
		<Unit filename="nresEntity.h">
			<Option virtualFolder="Entity System/" />
		</Unit>
		<Unit filename="nresMapOfSets.h">
			<Option virtualFolder="Entity System/" />
		</Unit>
		<Unit filename="nresSystem.cpp">
			<Option virtualFolder="Entity System/" />
		</Unit>
		<Unit filename="nresSystem.h">
			<Option virtualFolder="Entity System/" />
		</Unit>
		<Unit filename="nresTypedefs.h">
			<Option virtualFolder="Entity System/" />
		</Unit>
		<Unit filename="nresWorld.cpp">
			<Option virtualFolder="Entity System/" />
		</Unit>
		<Unit filename="nresWorld.h">
			<Option virtualFolder="Entity System/" />
		</Unit>
		<Unit filename="nrsalList.cpp">
			<Option virtualFolder="nrsal/" />
		</Unit>
		<Unit filename="nrsalList.h">
			<Option virtualFolder="nrsal/" />
		</Unit>
		<Unit filename="nrsalMap.cpp">
			<Option virtualFolder="nrsal/" />
		</Unit>
		<Unit filename="nrsalMap.h">
			<Option virtualFolder="nrsal/" />
		</Unit>
		<Unit filename="nrsalPrimitives.h">
			<Option virtualFolder="nrsal/" />
		</Unit>
		<Unit filename="nrsalValue.cpp">
			<Option virtualFolder="nrsal/" />
		</Unit>
		<Unit filename="nrsalValue.h">
			<Option virtualFolder="nrsal/" />
		</Unit>
		<Extensions>
			<code_completion />
			<debugger />
			<envvars />
		</Extensions>
	</Project>
</CodeBlocks_project_file>
